
Microsoft Visual Studio Solution File, Format Version 11.00
# Visual Studio 2010
Project("{FAE04EC0-301F-11D3-BF4B-00C04F79EFBC}") = "TestHarness.Web", "..\TestHarness.Web\TestHarness.Web.csproj", "{D94FD341-C75C-4EA9-8479-D46DB46048B6}"
EndProject
Project("{FAE04EC0-301F-11D3-BF4B-00C04F79EFBC}") = "TestHarness.Script", "..\TestHarness.Script\TestHarness.Script.csproj", "{E1C9C7B6-0D3B-4F29-A90B-33D0049D6205}"
EndProject
Project("{FAE04EC0-301F-11D3-BF4B-00C04F79EFBC}") = "Open.Core.Script", "..\..\Open.Core\JavaScript\Open.Core.Script\Open.Core.Script.csproj", "{D2AF91B8-0B64-463E-AC7F-5CD87C7D4F3E}"
EndProject
Project("{2150E333-8FDC-42A3-9474-1A3956D46DE8}") = "Script", "Script", "{33323FD0-0CC6-4CBF-8A2C-7EEC269B33FD}"
EndProject
Global
	GlobalSection(SolutionConfigurationPlatforms) = preSolution
		Debug|Any CPU = Debug|Any CPU
		Release|Any CPU = Release|Any CPU
	EndGlobalSection
	GlobalSection(ProjectConfigurationPlatforms) = postSolution
		{D94FD341-C75C-4EA9-8479-D46DB46048B6}.Debug|Any CPU.ActiveCfg = Debug|Any CPU
		{D94FD341-C75C-4EA9-8479-D46DB46048B6}.Debug|Any CPU.Build.0 = Debug|Any CPU
		{D94FD341-C75C-4EA9-8479-D46DB46048B6}.Release|Any CPU.ActiveCfg = Release|Any CPU
		{D94FD341-C75C-4EA9-8479-D46DB46048B6}.Release|Any CPU.Build.0 = Release|Any CPU
		{E1C9C7B6-0D3B-4F29-A90B-33D0049D6205}.Debug|Any CPU.ActiveCfg = Debug|Any CPU
		{E1C9C7B6-0D3B-4F29-A90B-33D0049D6205}.Debug|Any CPU.Build.0 = Debug|Any CPU
		{E1C9C7B6-0D3B-4F29-A90B-33D0049D6205}.Release|Any CPU.ActiveCfg = Release|Any CPU
		{E1C9C7B6-0D3B-4F29-A90B-33D0049D6205}.Release|Any CPU.Build.0 = Release|Any CPU
		{D2AF91B8-0B64-463E-AC7F-5CD87C7D4F3E}.Debug|Any CPU.ActiveCfg = Debug|Any CPU
		{D2AF91B8-0B64-463E-AC7F-5CD87C7D4F3E}.Debug|Any CPU.Build.0 = Debug|Any CPU
		{D2AF91B8-0B64-463E-AC7F-5CD87C7D4F3E}.Release|Any CPU.ActiveCfg = Release|Any CPU
		{D2AF91B8-0B64-463E-AC7F-5CD87C7D4F3E}.Release|Any CPU.Build.0 = Release|Any CPU
	EndGlobalSection
	GlobalSection(SolutionProperties) = preSolution
		HideSolutionNode = FALSE
	EndGlobalSection
	GlobalSection(NestedProjects) = preSolution
		{D2AF91B8-0B64-463E-AC7F-5CD87C7D4F3E} = {33323FD0-0CC6-4CBF-8A2C-7EEC269B33FD}
		{E1C9C7B6-0D3B-4F29-A90B-33D0049D6205} = {33323FD0-0CC6-4CBF-8A2C-7EEC269B33FD}
	EndGlobalSection
EndGlobal
