
Microsoft Visual Studio Solution File, Format Version 11.00
# Visual Studio 2010
Project("{FAE04EC0-301F-11D3-BF4B-00C04F79EFBC}") = "Sample.Test", "..\Sample.Test\Sample.Test.csproj", "{89F7E8B8-FB1B-47CB-976B-D69266AB79B9}"
EndProject
Project("{FAE04EC0-301F-11D3-BF4B-00C04F79EFBC}") = "Sample.Web", "..\Sample.Web\Sample.Web.csproj", "{C65D7E7E-33D9-43DB-AB99-DE25DF4A1245}"
EndProject
Project("{2150E333-8FDC-42A3-9474-1A3956D46DE8}") = "Application", "Application", "{D7DA08F1-C11C-4720-882F-96CF9F698939}"
EndProject
Project("{2150E333-8FDC-42A3-9474-1A3956D46DE8}") = "Test", "Test", "{AC38BAF6-889A-4CAF-937E-F3F1C789278E}"
EndProject
Project("{FAE04EC0-301F-11D3-BF4B-00C04F79EFBC}") = "Sample.ClassLibrary", "..\Sample.ClassLibrary\Sample.ClassLibrary.csproj", "{6E01ABB4-3B53-4361-9B81-BDE5FC0FEBAC}"
EndProject
Global
	GlobalSection(SolutionConfigurationPlatforms) = preSolution
		Debug|Any CPU = Debug|Any CPU
		Release|Any CPU = Release|Any CPU
	EndGlobalSection
	GlobalSection(ProjectConfigurationPlatforms) = postSolution
		{89F7E8B8-FB1B-47CB-976B-D69266AB79B9}.Debug|Any CPU.ActiveCfg = Debug|Any CPU
		{89F7E8B8-FB1B-47CB-976B-D69266AB79B9}.Debug|Any CPU.Build.0 = Debug|Any CPU
		{89F7E8B8-FB1B-47CB-976B-D69266AB79B9}.Release|Any CPU.ActiveCfg = Release|Any CPU
		{89F7E8B8-FB1B-47CB-976B-D69266AB79B9}.Release|Any CPU.Build.0 = Release|Any CPU
		{C65D7E7E-33D9-43DB-AB99-DE25DF4A1245}.Debug|Any CPU.ActiveCfg = Debug|Any CPU
		{C65D7E7E-33D9-43DB-AB99-DE25DF4A1245}.Debug|Any CPU.Build.0 = Debug|Any CPU
		{C65D7E7E-33D9-43DB-AB99-DE25DF4A1245}.Release|Any CPU.ActiveCfg = Release|Any CPU
		{C65D7E7E-33D9-43DB-AB99-DE25DF4A1245}.Release|Any CPU.Build.0 = Release|Any CPU
		{6E01ABB4-3B53-4361-9B81-BDE5FC0FEBAC}.Debug|Any CPU.ActiveCfg = Debug|Any CPU
		{6E01ABB4-3B53-4361-9B81-BDE5FC0FEBAC}.Debug|Any CPU.Build.0 = Debug|Any CPU
		{6E01ABB4-3B53-4361-9B81-BDE5FC0FEBAC}.Release|Any CPU.ActiveCfg = Release|Any CPU
		{6E01ABB4-3B53-4361-9B81-BDE5FC0FEBAC}.Release|Any CPU.Build.0 = Release|Any CPU
	EndGlobalSection
	GlobalSection(SolutionProperties) = preSolution
		HideSolutionNode = FALSE
	EndGlobalSection
	GlobalSection(NestedProjects) = preSolution
		{6E01ABB4-3B53-4361-9B81-BDE5FC0FEBAC} = {D7DA08F1-C11C-4720-882F-96CF9F698939}
		{89F7E8B8-FB1B-47CB-976B-D69266AB79B9} = {AC38BAF6-889A-4CAF-937E-F3F1C789278E}
		{C65D7E7E-33D9-43DB-AB99-DE25DF4A1245} = {AC38BAF6-889A-4CAF-937E-F3F1C789278E}
	EndGlobalSection
EndGlobal
