
Microsoft Visual Studio Solution File, Format Version 11.00
# Visual Studio 2010
Project("{FAE04EC0-301F-11D3-BF4B-00C04F79EFBC}") = "TestHarness.Web", "..\Open.TestHarness.Html\TestHarness.Web\TestHarness.Web.csproj", "{D94FD341-C75C-4EA9-8479-D46DB46048B6}"
EndProject
Project("{FAE04EC0-301F-11D3-BF4B-00C04F79EFBC}") = "TestHarness.Script", "..\Open.TestHarness.Html\TestHarness.Script\TestHarness.Script.csproj", "{E1C9C7B6-0D3B-4F29-A90B-33D0049D6205}"
EndProject
Project("{FAE04EC0-301F-11D3-BF4B-00C04F79EFBC}") = "Open.Core", "..\Open.Core\JavaScript\Open.Core\Open.Core.csproj", "{D2AF91B8-0B64-463E-AC7F-5CD87C7D4F3E}"
EndProject
Project("{2150E333-8FDC-42A3-9474-1A3956D46DE8}") = "Script", "Script", "{33323FD0-0CC6-4CBF-8A2C-7EEC269B33FD}"
EndProject
Project("{FAE04EC0-301F-11D3-BF4B-00C04F79EFBC}") = "Open.Core.Lists", "..\Open.Core\JavaScript\Open.Core.Lists\Open.Core.Lists.csproj", "{880AC6C2-E1EE-48A2-8AE8-19A74AF06A68}"
EndProject
Project("{2150E333-8FDC-42A3-9474-1A3956D46DE8}") = "Server (Web)", "Server (Web)", "{7F629B0B-D68C-4B7C-BB4E-96A4983F8E5F}"
EndProject
Project("{FAE04EC0-301F-11D3-BF4B-00C04F79EFBC}") = "Open.Core.Web", "..\Open.Core\Clr\Open.Core.Web\Open.Core.Web.csproj", "{BB251338-39E3-42E7-9019-F38ADCA2B60E}"
EndProject
Project("{2150E333-8FDC-42A3-9474-1A3956D46DE8}") = "Clr", "Clr", "{BF33D058-431C-4350-9EE4-536C5F84FFD4}"
EndProject
Project("{FAE04EC0-301F-11D3-BF4B-00C04F79EFBC}") = "Open.Core", "..\Open.Core\Clr\Open.Core\Open.Core.csproj", "{C7A8A0C6-757D-4D7E-8463-D2BCEA3196DD}"
EndProject
Project("{FAE04EC0-301F-11D3-BF4B-00C04F79EFBC}") = "Open.Core.Contracts", "..\Open.Core\Clr\Open.Core.Contracts\Open.Core.Contracts.csproj", "{DE11A17B-85C9-4B05-95FD-7D41A22F3520}"
EndProject
Project("{FAE04EC0-301F-11D3-BF4B-00C04F79EFBC}") = "Open.Library.Jit", "..\Open.Core\JavaScript\Open.Library.Jit\Open.Library.Jit.csproj", "{F9E3A7A8-ECE7-47A9-A322-DA84BBCF6BA0}"
EndProject
Global
	GlobalSection(SolutionConfigurationPlatforms) = preSolution
		Debug|Any CPU = Debug|Any CPU
		Release|Any CPU = Release|Any CPU
	EndGlobalSection
	GlobalSection(ProjectConfigurationPlatforms) = postSolution
		{D94FD341-C75C-4EA9-8479-D46DB46048B6}.Debug|Any CPU.ActiveCfg = Debug|Any CPU
		{D94FD341-C75C-4EA9-8479-D46DB46048B6}.Debug|Any CPU.Build.0 = Debug|Any CPU
		{D94FD341-C75C-4EA9-8479-D46DB46048B6}.Release|Any CPU.ActiveCfg = Release|Any CPU
		{D94FD341-C75C-4EA9-8479-D46DB46048B6}.Release|Any CPU.Build.0 = Release|Any CPU
		{E1C9C7B6-0D3B-4F29-A90B-33D0049D6205}.Debug|Any CPU.ActiveCfg = Debug|Any CPU
		{E1C9C7B6-0D3B-4F29-A90B-33D0049D6205}.Debug|Any CPU.Build.0 = Debug|Any CPU
		{E1C9C7B6-0D3B-4F29-A90B-33D0049D6205}.Release|Any CPU.ActiveCfg = Release|Any CPU
		{E1C9C7B6-0D3B-4F29-A90B-33D0049D6205}.Release|Any CPU.Build.0 = Release|Any CPU
		{D2AF91B8-0B64-463E-AC7F-5CD87C7D4F3E}.Debug|Any CPU.ActiveCfg = Debug|Any CPU
		{D2AF91B8-0B64-463E-AC7F-5CD87C7D4F3E}.Debug|Any CPU.Build.0 = Debug|Any CPU
		{D2AF91B8-0B64-463E-AC7F-5CD87C7D4F3E}.Release|Any CPU.ActiveCfg = Release|Any CPU
		{D2AF91B8-0B64-463E-AC7F-5CD87C7D4F3E}.Release|Any CPU.Build.0 = Release|Any CPU
		{880AC6C2-E1EE-48A2-8AE8-19A74AF06A68}.Debug|Any CPU.ActiveCfg = Debug|Any CPU
		{880AC6C2-E1EE-48A2-8AE8-19A74AF06A68}.Debug|Any CPU.Build.0 = Debug|Any CPU
		{880AC6C2-E1EE-48A2-8AE8-19A74AF06A68}.Release|Any CPU.ActiveCfg = Release|Any CPU
		{880AC6C2-E1EE-48A2-8AE8-19A74AF06A68}.Release|Any CPU.Build.0 = Release|Any CPU
		{BB251338-39E3-42E7-9019-F38ADCA2B60E}.Debug|Any CPU.ActiveCfg = Debug|Any CPU
		{BB251338-39E3-42E7-9019-F38ADCA2B60E}.Debug|Any CPU.Build.0 = Debug|Any CPU
		{BB251338-39E3-42E7-9019-F38ADCA2B60E}.Release|Any CPU.ActiveCfg = Release|Any CPU
		{BB251338-39E3-42E7-9019-F38ADCA2B60E}.Release|Any CPU.Build.0 = Release|Any CPU
		{C7A8A0C6-757D-4D7E-8463-D2BCEA3196DD}.Debug|Any CPU.ActiveCfg = Debug|Any CPU
		{C7A8A0C6-757D-4D7E-8463-D2BCEA3196DD}.Debug|Any CPU.Build.0 = Debug|Any CPU
		{C7A8A0C6-757D-4D7E-8463-D2BCEA3196DD}.Release|Any CPU.ActiveCfg = Release|Any CPU
		{C7A8A0C6-757D-4D7E-8463-D2BCEA3196DD}.Release|Any CPU.Build.0 = Release|Any CPU
		{DE11A17B-85C9-4B05-95FD-7D41A22F3520}.Debug|Any CPU.ActiveCfg = Debug|Any CPU
		{DE11A17B-85C9-4B05-95FD-7D41A22F3520}.Debug|Any CPU.Build.0 = Debug|Any CPU
		{DE11A17B-85C9-4B05-95FD-7D41A22F3520}.Release|Any CPU.ActiveCfg = Release|Any CPU
		{DE11A17B-85C9-4B05-95FD-7D41A22F3520}.Release|Any CPU.Build.0 = Release|Any CPU
		{F9E3A7A8-ECE7-47A9-A322-DA84BBCF6BA0}.Debug|Any CPU.ActiveCfg = Debug|Any CPU
		{F9E3A7A8-ECE7-47A9-A322-DA84BBCF6BA0}.Debug|Any CPU.Build.0 = Debug|Any CPU
		{F9E3A7A8-ECE7-47A9-A322-DA84BBCF6BA0}.Release|Any CPU.ActiveCfg = Release|Any CPU
		{F9E3A7A8-ECE7-47A9-A322-DA84BBCF6BA0}.Release|Any CPU.Build.0 = Release|Any CPU
	EndGlobalSection
	GlobalSection(SolutionProperties) = preSolution
		HideSolutionNode = FALSE
	EndGlobalSection
	GlobalSection(NestedProjects) = preSolution
		{D2AF91B8-0B64-463E-AC7F-5CD87C7D4F3E} = {33323FD0-0CC6-4CBF-8A2C-7EEC269B33FD}
		{E1C9C7B6-0D3B-4F29-A90B-33D0049D6205} = {33323FD0-0CC6-4CBF-8A2C-7EEC269B33FD}
		{880AC6C2-E1EE-48A2-8AE8-19A74AF06A68} = {33323FD0-0CC6-4CBF-8A2C-7EEC269B33FD}
		{F9E3A7A8-ECE7-47A9-A322-DA84BBCF6BA0} = {33323FD0-0CC6-4CBF-8A2C-7EEC269B33FD}
		{D94FD341-C75C-4EA9-8479-D46DB46048B6} = {7F629B0B-D68C-4B7C-BB4E-96A4983F8E5F}
		{BB251338-39E3-42E7-9019-F38ADCA2B60E} = {7F629B0B-D68C-4B7C-BB4E-96A4983F8E5F}
		{C7A8A0C6-757D-4D7E-8463-D2BCEA3196DD} = {BF33D058-431C-4350-9EE4-536C5F84FFD4}
		{DE11A17B-85C9-4B05-95FD-7D41A22F3520} = {BF33D058-431C-4350-9EE4-536C5F84FFD4}
	EndGlobalSection
EndGlobal
