
Microsoft Visual Studio Solution File, Format Version 11.00
# Visual Studio 2010
Project("{FAE04EC0-301F-11D3-BF4B-00C04F79EFBC}") = "Open.Core", "..\Open.Core\JavaScript\Open.Core\Open.Core.csproj", "{D2AF91B8-0B64-463E-AC7F-5CD87C7D4F3E}"
EndProject
Project("{FAE04EC0-301F-11D3-BF4B-00C04F79EFBC}") = "Open.Library.Jit", "..\Open.Core\JavaScript\Open.Library.Jit\Open.Library.Jit.csproj", "{F9E3A7A8-ECE7-47A9-A322-DA84BBCF6BA0}"
EndProject
Project("{2150E333-8FDC-42A3-9474-1A3956D46DE8}") = "Script", "Script", "{5A8DE612-FF1B-419A-A49B-F47F51D7FDCE}"
EndProject
Global
	GlobalSection(SolutionConfigurationPlatforms) = preSolution
		Debug|Any CPU = Debug|Any CPU
		Release|Any CPU = Release|Any CPU
	EndGlobalSection
	GlobalSection(ProjectConfigurationPlatforms) = postSolution
		{D2AF91B8-0B64-463E-AC7F-5CD87C7D4F3E}.Debug|Any CPU.ActiveCfg = Debug|Any CPU
		{D2AF91B8-0B64-463E-AC7F-5CD87C7D4F3E}.Debug|Any CPU.Build.0 = Debug|Any CPU
		{D2AF91B8-0B64-463E-AC7F-5CD87C7D4F3E}.Release|Any CPU.ActiveCfg = Release|Any CPU
		{D2AF91B8-0B64-463E-AC7F-5CD87C7D4F3E}.Release|Any CPU.Build.0 = Release|Any CPU
		{F9E3A7A8-ECE7-47A9-A322-DA84BBCF6BA0}.Debug|Any CPU.ActiveCfg = Debug|Any CPU
		{F9E3A7A8-ECE7-47A9-A322-DA84BBCF6BA0}.Debug|Any CPU.Build.0 = Debug|Any CPU
		{F9E3A7A8-ECE7-47A9-A322-DA84BBCF6BA0}.Release|Any CPU.ActiveCfg = Release|Any CPU
		{F9E3A7A8-ECE7-47A9-A322-DA84BBCF6BA0}.Release|Any CPU.Build.0 = Release|Any CPU
	EndGlobalSection
	GlobalSection(SolutionProperties) = preSolution
		HideSolutionNode = FALSE
	EndGlobalSection
	GlobalSection(NestedProjects) = preSolution
		{D2AF91B8-0B64-463E-AC7F-5CD87C7D4F3E} = {5A8DE612-FF1B-419A-A49B-F47F51D7FDCE}
		{F9E3A7A8-ECE7-47A9-A322-DA84BBCF6BA0} = {5A8DE612-FF1B-419A-A49B-F47F51D7FDCE}
	EndGlobalSection
EndGlobal
