
Microsoft Visual Studio Solution File, Format Version 11.00
# Visual Studio 2010
Project("{FAE04EC0-301F-11D3-BF4B-00C04F79EFBC}") = "TestHarness.Web", "..\Open.TestHarness.Html\Clr.TestHarness.Web\TestHarness.Web.csproj", "{D94FD341-C75C-4EA9-8479-D46DB46048B6}"
EndProject
Project("{FAE04EC0-301F-11D3-BF4B-00C04F79EFBC}") = "Open.TestHarness.js", "..\Open.TestHarness.Html\Script.TestHarness\Open.TestHarness.js.csproj", "{E1C9C7B6-0D3B-4F29-A90B-33D0049D6205}"
EndProject
Project("{2150E333-8FDC-42A3-9474-1A3956D46DE8}") = "Script", "Script", "{33323FD0-0CC6-4CBF-8A2C-7EEC269B33FD}"
EndProject
Project("{FAE04EC0-301F-11D3-BF4B-00C04F79EFBC}") = "Open.Core.Controls.js", "..\Open.Core\JavaScript\Open.Core.Controls\Open.Core.Controls.js.csproj", "{161B676D-DCD7-4639-B030-AA2095C5C0FA}"
	ProjectSection(ProjectDependencies) = postProject
		{6DC09A85-8CE4-40FC-BF85-3152EC6F0210} = {6DC09A85-8CE4-40FC-BF85-3152EC6F0210}
	EndProjectSection
EndProject
Project("{FAE04EC0-301F-11D3-BF4B-00C04F79EFBC}") = "Open.Core.Lists.js", "..\Open.Core\JavaScript\Open.Core.Lists\Open.Core.Lists.js.csproj", "{880AC6C2-E1EE-48A2-8AE8-19A74AF06A68}"
	ProjectSection(ProjectDependencies) = postProject
		{6DC09A85-8CE4-40FC-BF85-3152EC6F0210} = {6DC09A85-8CE4-40FC-BF85-3152EC6F0210}
	EndProjectSection
EndProject
Project("{2150E333-8FDC-42A3-9474-1A3956D46DE8}") = "Server (Web)", "Server (Web)", "{7F629B0B-D68C-4B7C-BB4E-96A4983F8E5F}"
EndProject
Project("{FAE04EC0-301F-11D3-BF4B-00C04F79EFBC}") = "Open.Core.Web", "..\Open.Core\Clr\Open.Core.Web\Open.Core.Web.csproj", "{BB251338-39E3-42E7-9019-F38ADCA2B60E}"
EndProject
Project("{2150E333-8FDC-42A3-9474-1A3956D46DE8}") = "Clr", "Clr", "{BF33D058-431C-4350-9EE4-536C5F84FFD4}"
EndProject
Project("{FAE04EC0-301F-11D3-BF4B-00C04F79EFBC}") = "Open.Core.Clr", "..\Open.Core\Clr\Open.Core\Open.Core.Clr.csproj", "{C7A8A0C6-757D-4D7E-8463-D2BCEA3196DD}"
EndProject
Project("{FAE04EC0-301F-11D3-BF4B-00C04F79EFBC}") = "Open.Core.Contracts.Clr", "..\Open.Core\Clr\Open.Core.Contracts\Open.Core.Contracts.Clr.csproj", "{DE11A17B-85C9-4B05-95FD-7D41A22F3520}"
EndProject
Project("{2150E333-8FDC-42A3-9474-1A3956D46DE8}") = "Open.Core", "Open.Core", "{04773D46-7ADA-485A-BB71-263DBB88247B}"
EndProject
Project("{2150E333-8FDC-42A3-9474-1A3956D46DE8}") = "Test", "Test", "{10AF2722-E6DE-40B2-9270-8AD494B78A5A}"
EndProject
Project("{FAE04EC0-301F-11D3-BF4B-00C04F79EFBC}") = "Open.Core.Test.js", "..\Open.Core\JavaScript\Test\Open.Core.Test\Open.Core.Test.js.csproj", "{11C075B7-96B4-4E67-90DC-76229F37D75E}"
EndProject
Project("{2150E333-8FDC-42A3-9474-1A3956D46DE8}") = "Open.Core", "Open.Core", "{ED57638A-30B5-45F4-9861-B265F9C64763}"
EndProject
Project("{FAE04EC0-301F-11D3-BF4B-00C04F79EFBC}") = "Open.Core.Web.Assets", "..\Open.Core\Clr\Open.Core.Web.Assets\Open.Core.Web.Assets.csproj", "{D19FA3FD-529F-4EDA-93B4-FDDBEB1231D7}"
EndProject
Project("{FAE04EC0-301F-11D3-BF4B-00C04F79EFBC}") = "Open.Core.js", "..\Open.Core\JavaScript\Open.Core\Open.Core.js.csproj", "{6DC09A85-8CE4-40FC-BF85-3152EC6F0210}"
EndProject
Global
	GlobalSection(SolutionConfigurationPlatforms) = preSolution
		Debug|Any CPU = Debug|Any CPU
		Release|Any CPU = Release|Any CPU
	EndGlobalSection
	GlobalSection(ProjectConfigurationPlatforms) = postSolution
		{D94FD341-C75C-4EA9-8479-D46DB46048B6}.Debug|Any CPU.ActiveCfg = Debug|Any CPU
		{D94FD341-C75C-4EA9-8479-D46DB46048B6}.Debug|Any CPU.Build.0 = Debug|Any CPU
		{D94FD341-C75C-4EA9-8479-D46DB46048B6}.Release|Any CPU.ActiveCfg = Release|Any CPU
		{D94FD341-C75C-4EA9-8479-D46DB46048B6}.Release|Any CPU.Build.0 = Release|Any CPU
		{E1C9C7B6-0D3B-4F29-A90B-33D0049D6205}.Debug|Any CPU.ActiveCfg = Debug|Any CPU
		{E1C9C7B6-0D3B-4F29-A90B-33D0049D6205}.Debug|Any CPU.Build.0 = Debug|Any CPU
		{E1C9C7B6-0D3B-4F29-A90B-33D0049D6205}.Release|Any CPU.ActiveCfg = Release|Any CPU
		{E1C9C7B6-0D3B-4F29-A90B-33D0049D6205}.Release|Any CPU.Build.0 = Release|Any CPU
		{161B676D-DCD7-4639-B030-AA2095C5C0FA}.Debug|Any CPU.ActiveCfg = Debug|Any CPU
		{161B676D-DCD7-4639-B030-AA2095C5C0FA}.Debug|Any CPU.Build.0 = Debug|Any CPU
		{161B676D-DCD7-4639-B030-AA2095C5C0FA}.Release|Any CPU.ActiveCfg = Release|Any CPU
		{161B676D-DCD7-4639-B030-AA2095C5C0FA}.Release|Any CPU.Build.0 = Release|Any CPU
		{880AC6C2-E1EE-48A2-8AE8-19A74AF06A68}.Debug|Any CPU.ActiveCfg = Debug|Any CPU
		{880AC6C2-E1EE-48A2-8AE8-19A74AF06A68}.Debug|Any CPU.Build.0 = Debug|Any CPU
		{880AC6C2-E1EE-48A2-8AE8-19A74AF06A68}.Release|Any CPU.ActiveCfg = Release|Any CPU
		{880AC6C2-E1EE-48A2-8AE8-19A74AF06A68}.Release|Any CPU.Build.0 = Release|Any CPU
		{BB251338-39E3-42E7-9019-F38ADCA2B60E}.Debug|Any CPU.ActiveCfg = Debug|Any CPU
		{BB251338-39E3-42E7-9019-F38ADCA2B60E}.Debug|Any CPU.Build.0 = Debug|Any CPU
		{BB251338-39E3-42E7-9019-F38ADCA2B60E}.Release|Any CPU.ActiveCfg = Release|Any CPU
		{BB251338-39E3-42E7-9019-F38ADCA2B60E}.Release|Any CPU.Build.0 = Release|Any CPU
		{C7A8A0C6-757D-4D7E-8463-D2BCEA3196DD}.Debug|Any CPU.ActiveCfg = Debug|Any CPU
		{C7A8A0C6-757D-4D7E-8463-D2BCEA3196DD}.Debug|Any CPU.Build.0 = Debug|Any CPU
		{C7A8A0C6-757D-4D7E-8463-D2BCEA3196DD}.Release|Any CPU.ActiveCfg = Release|Any CPU
		{C7A8A0C6-757D-4D7E-8463-D2BCEA3196DD}.Release|Any CPU.Build.0 = Release|Any CPU
		{DE11A17B-85C9-4B05-95FD-7D41A22F3520}.Debug|Any CPU.ActiveCfg = Debug|Any CPU
		{DE11A17B-85C9-4B05-95FD-7D41A22F3520}.Debug|Any CPU.Build.0 = Debug|Any CPU
		{DE11A17B-85C9-4B05-95FD-7D41A22F3520}.Release|Any CPU.ActiveCfg = Release|Any CPU
		{DE11A17B-85C9-4B05-95FD-7D41A22F3520}.Release|Any CPU.Build.0 = Release|Any CPU
		{11C075B7-96B4-4E67-90DC-76229F37D75E}.Debug|Any CPU.ActiveCfg = Debug|Any CPU
		{11C075B7-96B4-4E67-90DC-76229F37D75E}.Debug|Any CPU.Build.0 = Debug|Any CPU
		{11C075B7-96B4-4E67-90DC-76229F37D75E}.Release|Any CPU.ActiveCfg = Release|Any CPU
		{11C075B7-96B4-4E67-90DC-76229F37D75E}.Release|Any CPU.Build.0 = Release|Any CPU
		{D19FA3FD-529F-4EDA-93B4-FDDBEB1231D7}.Debug|Any CPU.ActiveCfg = Debug|Any CPU
		{D19FA3FD-529F-4EDA-93B4-FDDBEB1231D7}.Debug|Any CPU.Build.0 = Debug|Any CPU
		{D19FA3FD-529F-4EDA-93B4-FDDBEB1231D7}.Release|Any CPU.ActiveCfg = Release|Any CPU
		{D19FA3FD-529F-4EDA-93B4-FDDBEB1231D7}.Release|Any CPU.Build.0 = Release|Any CPU
		{6DC09A85-8CE4-40FC-BF85-3152EC6F0210}.Debug|Any CPU.ActiveCfg = Debug|Any CPU
		{6DC09A85-8CE4-40FC-BF85-3152EC6F0210}.Debug|Any CPU.Build.0 = Debug|Any CPU
		{6DC09A85-8CE4-40FC-BF85-3152EC6F0210}.Release|Any CPU.ActiveCfg = Release|Any CPU
		{6DC09A85-8CE4-40FC-BF85-3152EC6F0210}.Release|Any CPU.Build.0 = Release|Any CPU
	EndGlobalSection
	GlobalSection(SolutionProperties) = preSolution
		HideSolutionNode = FALSE
	EndGlobalSection
	GlobalSection(NestedProjects) = preSolution
		{D94FD341-C75C-4EA9-8479-D46DB46048B6} = {7F629B0B-D68C-4B7C-BB4E-96A4983F8E5F}
		{ED57638A-30B5-45F4-9861-B265F9C64763} = {7F629B0B-D68C-4B7C-BB4E-96A4983F8E5F}
		{04773D46-7ADA-485A-BB71-263DBB88247B} = {33323FD0-0CC6-4CBF-8A2C-7EEC269B33FD}
		{10AF2722-E6DE-40B2-9270-8AD494B78A5A} = {33323FD0-0CC6-4CBF-8A2C-7EEC269B33FD}
		{161B676D-DCD7-4639-B030-AA2095C5C0FA} = {04773D46-7ADA-485A-BB71-263DBB88247B}
		{880AC6C2-E1EE-48A2-8AE8-19A74AF06A68} = {04773D46-7ADA-485A-BB71-263DBB88247B}
		{E1C9C7B6-0D3B-4F29-A90B-33D0049D6205} = {04773D46-7ADA-485A-BB71-263DBB88247B}
		{6DC09A85-8CE4-40FC-BF85-3152EC6F0210} = {04773D46-7ADA-485A-BB71-263DBB88247B}
		{BB251338-39E3-42E7-9019-F38ADCA2B60E} = {ED57638A-30B5-45F4-9861-B265F9C64763}
		{D19FA3FD-529F-4EDA-93B4-FDDBEB1231D7} = {ED57638A-30B5-45F4-9861-B265F9C64763}
		{C7A8A0C6-757D-4D7E-8463-D2BCEA3196DD} = {BF33D058-431C-4350-9EE4-536C5F84FFD4}
		{DE11A17B-85C9-4B05-95FD-7D41A22F3520} = {BF33D058-431C-4350-9EE4-536C5F84FFD4}
		{11C075B7-96B4-4E67-90DC-76229F37D75E} = {10AF2722-E6DE-40B2-9270-8AD494B78A5A}
	EndGlobalSection
EndGlobal
